{
  "nodes": {
    "nixos-hardware": {
      "locked": {
        "lastModified": 1679944521,
        "narHash": "sha256-SipdMlnCv/pDvo/j7ctEGqKvQSmn2gcoHSJgIVysXbk=",
        "owner": "nixos",
        "repo": "nixos-hardware",
        "rev": "82ecc5b88ffed8c0317c064dfd8f82f4b9882100",
        "type": "github"
      },
      "original": {
        "owner": "nixos",
        "repo": "nixos-hardware",
        "type": "github"
      }
    },
    "root": {
      "inputs": {
        "nixos-hardware": "nixos-hardware",
        "system-nixpkgs": "system-nixpkgs"
      }
    },
    "system-nixpkgs": {
      "locked": {
        "lastModified": 1679966490,
        "narHash": "sha256-k0jV+y1jawE6w4ZvKgXDNg4+O9NNtcaWwzw8gufv0b4=",
        "owner": "nixos",
        "repo": "nixpkgs",
        "rev": "5b7cd5c39befee629be284970415b6eb3b0ff000",
        "type": "github"
      },
      "original": {
        "owner": "nixos",
        "ref": "nixos-22.11",
        "repo": "nixpkgs",
        "type": "github"
      }
    }
  },
  "root": "root",
  "version": 7
}
